# This file is automatically @generated by Cargo.
# It is not intended for manual editing.
[[package]]
name = "hello-world"
version = "0.1.0"
dependencies = [
 "wildmatch",
]

[[package]]
name = "wildmatch"
version = "1.0.11"
source = "registry+https://github.com/rust-lang/crates.io-index"
checksum = "ae79c150cec3fd46326dfb57f358b1f8f75223869555c5cb6c896a393ee4615c"
